
Microsoft Visual Studio Solution File, Format Version 12.00
# Visual Studio Version 17
VisualStudioVersion = 17.3.32929.385
MinimumVisualStudioVersion = 10.0.40219.1
Project("{FAE04EC0-301F-11D3-BF4B-00C04F79EFBC}") = "TestWebApplication", "TestWebApplication\TestWebApplication.csproj", "{CCE9E5FD-E3FE-4214-9B31-B14AD5FA10AB}"
EndProject
Global
	GlobalSection(SolutionConfigurationPlatforms) = preSolution
		Debug|Any CPU = Debug|Any CPU
		Release|Any CPU = Release|Any CPU
	EndGlobalSection
	GlobalSection(ProjectConfigurationPlatforms) = postSolution
		{CCE9E5FD-E3FE-4214-9B31-B14AD5FA10AB}.Debug|Any CPU.ActiveCfg = Debug|Any CPU
		{CCE9E5FD-E3FE-4214-9B31-B14AD5FA10AB}.Debug|Any CPU.Build.0 = Debug|Any CPU
		{CCE9E5FD-E3FE-4214-9B31-B14AD5FA10AB}.Release|Any CPU.ActiveCfg = Release|Any CPU
		{CCE9E5FD-E3FE-4214-9B31-B14AD5FA10AB}.Release|Any CPU.Build.0 = Release|Any CPU
	EndGlobalSection
	GlobalSection(SolutionProperties) = preSolution
		HideSolutionNode = FALSE
	EndGlobalSection
	GlobalSection(ExtensibilityGlobals) = postSolution
		SolutionGuid = {52A22B59-C312-4792-BACD-99DA7BF37B99}
	EndGlobalSection
EndGlobal
